// !$*UTF8*$!
{
	archiveVersion = 1;
	classes = {
	};
	objectVersion = 77;
	objects = {

/* Begin PBXBuildFile section */
		628E94A22E909D3C007CC982 /* Kingfisher in Frameworks */ = {isa = PBXBuildFile; productRef = 628E94A12E909D3C007CC982 /* Kingfisher */; };
		893F8F8D2E9FB12100BB4BFD /* WidgetKit.framework in Frameworks */ = {isa = PBXBuildFile; fileRef = 893F8F8C2E9FB12100BB4BFD /* WidgetKit.framework */; };
		893F8F8F2E9FB12100BB4BFD /* SwiftUI.framework in Frameworks */ = {isa = PBXBuildFile; fileRef = 893F8F8E2E9FB12100BB4BFD /* SwiftUI.framework */; };
		893F8FA02E9FB12D00BB4BFD /* AdventureLoggerWidgetExtension.appex in Embed Foundation Extensions */ = {isa = PBXBuildFile; fileRef = 893F8F8A2E9FB12100BB4BFD /* AdventureLoggerWidgetExtension.appex */; settings = {ATTRIBUTES = (RemoveHeadersOnCopy, ); }; };
		89BC1B3B2EA10836001D4AC3 /* AdventureLoggerShareExtension.appex in Embed Foundation Extensions */ = {isa = PBXBuildFile; fileRef = 89BC1B312EA10836001D4AC3 /* AdventureLoggerShareExtension.appex */; settings = {ATTRIBUTES = (RemoveHeadersOnCopy, ); }; };
/* End PBXBuildFile section */

/* Begin PBXContainerItemProxy section */
		893F8F9E2E9FB12D00BB4BFD /* PBXContainerItemProxy */ = {
			isa = PBXContainerItemProxy;
			containerPortal = 628E937D2E8FA5B1007CC982 /* Project object */;
			proxyType = 1;
			remoteGlobalIDString = 893F8F892E9FB12100BB4BFD;
			remoteInfo = AdventureLoggerWidgetExtension;
		};
		89BC1B392EA10836001D4AC3 /* PBXContainerItemProxy */ = {
			isa = PBXContainerItemProxy;
			containerPortal = 628E937D2E8FA5B1007CC982 /* Project object */;
			proxyType = 1;
			remoteGlobalIDString = 89BC1B302EA10836001D4AC3;
			remoteInfo = AdventureLoggerShareExtension;
		};
/* End PBXContainerItemProxy section */

/* Begin PBXCopyFilesBuildPhase section */
		893F8FA52E9FB12D00BB4BFD /* Embed Foundation Extensions */ = {
			isa = PBXCopyFilesBuildPhase;
			buildActionMask = 2147483647;
			dstPath = "";
			dstSubfolderSpec = 13;
			files = (
				893F8FA02E9FB12D00BB4BFD /* AdventureLoggerWidgetExtension.appex in Embed Foundation Extensions */,
				89BC1B3B2EA10836001D4AC3 /* AdventureLoggerShareExtension.appex in Embed Foundation Extensions */,
			);
			name = "Embed Foundation Extensions";
			runOnlyForDeploymentPostprocessing = 0;
		};
/* End PBXCopyFilesBuildPhase section */

/* Begin PBXFileReference section */
		628E93852E8FA5B1007CC982 /* AdventureLogger.app */ = {isa = PBXFileReference; explicitFileType = wrapper.application; includeInIndex = 0; path = AdventureLogger.app; sourceTree = BUILT_PRODUCTS_DIR; };
		890E97DE2E9FC69600EC5013 /* AdventureLoggerWidgetExtension.entitlements */ = {isa = PBXFileReference; lastKnownFileType = text.plist.entitlements; path = AdventureLoggerWidgetExtension.entitlements; sourceTree = "<group>"; };
		893F8F8A2E9FB12100BB4BFD /* AdventureLoggerWidgetExtension.appex */ = {isa = PBXFileReference; explicitFileType = "wrapper.app-extension"; includeInIndex = 0; path = AdventureLoggerWidgetExtension.appex; sourceTree = BUILT_PRODUCTS_DIR; };
		893F8F8C2E9FB12100BB4BFD /* WidgetKit.framework */ = {isa = PBXFileReference; lastKnownFileType = wrapper.framework; name = WidgetKit.framework; path = System/Library/Frameworks/WidgetKit.framework; sourceTree = SDKROOT; };
		893F8F8E2E9FB12100BB4BFD /* SwiftUI.framework */ = {isa = PBXFileReference; lastKnownFileType = wrapper.framework; name = SwiftUI.framework; path = System/Library/Frameworks/SwiftUI.framework; sourceTree = SDKROOT; };
		89BC1B312EA10836001D4AC3 /* AdventureLoggerShareExtension.appex */ = {isa = PBXFileReference; explicitFileType = "wrapper.app-extension"; includeInIndex = 0; path = AdventureLoggerShareExtension.appex; sourceTree = BUILT_PRODUCTS_DIR; };
/* End PBXFileReference section */

/* Begin PBXFileSystemSynchronizedBuildFileExceptionSet section */
		628E93952E8FA5B2007CC982 /* Exceptions for "AdventureLogger" folder in "AdventureLogger" target */ = {
			isa = PBXFileSystemSynchronizedBuildFileExceptionSet;
			membershipExceptions = (
				Info.plist,
			);
			target = 628E93842E8FA5B1007CC982 /* AdventureLogger */;
		};
		893F8FA42E9FB12D00BB4BFD /* Exceptions for "AdventureLoggerWidget" folder in "AdventureLoggerWidgetExtension" target */ = {
			isa = PBXFileSystemSynchronizedBuildFileExceptionSet;
			membershipExceptions = (
				Info.plist,
			);
			target = 893F8F892E9FB12100BB4BFD /* AdventureLoggerWidgetExtension */;
		};
		89BC1B3F2EA10836001D4AC3 /* Exceptions for "AdventureLoggerShareExtension" folder in "AdventureLoggerShareExtension" target */ = {
			isa = PBXFileSystemSynchronizedBuildFileExceptionSet;
			membershipExceptions = (
				Info.plist,
			);
			target = 89BC1B302EA10836001D4AC3 /* AdventureLoggerShareExtension */;
		};
/* End PBXFileSystemSynchronizedBuildFileExceptionSet section */

/* Begin PBXFileSystemSynchronizedRootGroup section */
		628E93872E8FA5B1007CC982 /* AdventureLogger */ = {
			isa = PBXFileSystemSynchronizedRootGroup;
			exceptions = (
				628E93952E8FA5B2007CC982 /* Exceptions for "AdventureLogger" folder in "AdventureLogger" target */,
			);
			path = AdventureLogger;
			sourceTree = "<group>";
		};
		893F8F902E9FB12100BB4BFD /* AdventureLoggerWidget */ = {
			isa = PBXFileSystemSynchronizedRootGroup;
			exceptions = (
				893F8FA42E9FB12D00BB4BFD /* Exceptions for "AdventureLoggerWidget" folder in "AdventureLoggerWidgetExtension" target */,
			);
			path = AdventureLoggerWidget;
			sourceTree = "<group>";
		};
		89BC1B322EA10836001D4AC3 /* AdventureLoggerShareExtension */ = {
			isa = PBXFileSystemSynchronizedRootGroup;
			exceptions = (
				89BC1B3F2EA10836001D4AC3 /* Exceptions for "AdventureLoggerShareExtension" folder in "AdventureLoggerShareExtension" target */,
			);
			path = AdventureLoggerShareExtension;
			sourceTree = "<group>";
		};
/* End PBXFileSystemSynchronizedRootGroup section */

/* Begin PBXFrameworksBuildPhase section */
		628E93822E8FA5B1007CC982 /* Frameworks */ = {
			isa = PBXFrameworksBuildPhase;
			buildActionMask = 2147483647;
			files = (
				628E94A22E909D3C007CC982 /* Kingfisher in Frameworks */,
			);
			runOnlyForDeploymentPostprocessing = 0;
		};
		893F8F872E9FB12100BB4BFD /* Frameworks */ = {
			isa = PBXFrameworksBuildPhase;
			buildActionMask = 2147483647;
			files = (
				893F8F8F2E9FB12100BB4BFD /* SwiftUI.framework in Frameworks */,
				893F8F8D2E9FB12100BB4BFD /* WidgetKit.framework in Frameworks */,
			);
			runOnlyForDeploymentPostprocessing = 0;
		};
		89BC1B2E2EA10836001D4AC3 /* Frameworks */ = {
			isa = PBXFrameworksBuildPhase;
			buildActionMask = 2147483647;
			files = (
			);
			runOnlyForDeploymentPostprocessing = 0;
		};
/* End PBXFrameworksBuildPhase section */

/* Begin PBXGroup section */
		628E937C2E8FA5B1007CC982 = {
			isa = PBXGroup;
			children = (
				890E97DE2E9FC69600EC5013 /* AdventureLoggerWidgetExtension.entitlements */,
				628E93872E8FA5B1007CC982 /* AdventureLogger */,
				893F8F902E9FB12100BB4BFD /* AdventureLoggerWidget */,
				89BC1B322EA10836001D4AC3 /* AdventureLoggerShareExtension */,
				893F8F8B2E9FB12100BB4BFD /* Frameworks */,
				628E93862E8FA5B1007CC982 /* Products */,
			);
			sourceTree = "<group>";
		};
		628E93862E8FA5B1007CC982 /* Products */ = {
			isa = PBXGroup;
			children = (
				628E93852E8FA5B1007CC982 /* AdventureLogger.app */,
				893F8F8A2E9FB12100BB4BFD /* AdventureLoggerWidgetExtension.appex */,
				89BC1B312EA10836001D4AC3 /* AdventureLoggerShareExtension.appex */,
			);
			name = Products;
			sourceTree = "<group>";
		};
		893F8F8B2E9FB12100BB4BFD /* Frameworks */ = {
			isa = PBXGroup;
			children = (
				893F8F8C2E9FB12100BB4BFD /* WidgetKit.framework */,
				893F8F8E2E9FB12100BB4BFD /* SwiftUI.framework */,
			);
			name = Frameworks;
			sourceTree = "<group>";
		};
/* End PBXGroup section */

/* Begin PBXNativeTarget section */
		628E93842E8FA5B1007CC982 /* AdventureLogger */ = {
			isa = PBXNativeTarget;
			buildConfigurationList = 628E93962E8FA5B2007CC982 /* Build configuration list for PBXNativeTarget "AdventureLogger" */;
			buildPhases = (
				628E93812E8FA5B1007CC982 /* Sources */,
				628E93822E8FA5B1007CC982 /* Frameworks */,
				628E93832E8FA5B1007CC982 /* Resources */,
				893F8FA52E9FB12D00BB4BFD /* Embed Foundation Extensions */,
			);
			buildRules = (
			);
			dependencies = (
				893F8F9F2E9FB12D00BB4BFD /* PBXTargetDependency */,
				89BC1B3A2EA10836001D4AC3 /* PBXTargetDependency */,
			);
			fileSystemSynchronizedGroups = (
				628E93872E8FA5B1007CC982 /* AdventureLogger */,
			);
			name = AdventureLogger;
			packageProductDependencies = (
				628E94A12E909D3C007CC982 /* Kingfisher */,
			);
			productName = AdventureLogger;
			productReference = 628E93852E8FA5B1007CC982 /* AdventureLogger.app */;
			productType = "com.apple.product-type.application";
		};
		893F8F892E9FB12100BB4BFD /* AdventureLoggerWidgetExtension */ = {
			isa = PBXNativeTarget;
			buildConfigurationList = 893F8FA12E9FB12D00BB4BFD /* Build configuration list for PBXNativeTarget "AdventureLoggerWidgetExtension" */;
			buildPhases = (
				893F8F862E9FB12100BB4BFD /* Sources */,
				893F8F872E9FB12100BB4BFD /* Frameworks */,
				893F8F882E9FB12100BB4BFD /* Resources */,
			);
			buildRules = (
			);
			dependencies = (
			);
			fileSystemSynchronizedGroups = (
				893F8F902E9FB12100BB4BFD /* AdventureLoggerWidget */,
			);
			name = AdventureLoggerWidgetExtension;
			packageProductDependencies = (
			);
			productName = AdventureLoggerWidgetExtension;
			productReference = 893F8F8A2E9FB12100BB4BFD /* AdventureLoggerWidgetExtension.appex */;
			productType = "com.apple.product-type.app-extension";
		};
		89BC1B302EA10836001D4AC3 /* AdventureLoggerShareExtension */ = {
			isa = PBXNativeTarget;
			buildConfigurationList = 89BC1B3E2EA10836001D4AC3 /* Build configuration list for PBXNativeTarget "AdventureLoggerShareExtension" */;
			buildPhases = (
				89BC1B2D2EA10836001D4AC3 /* Sources */,
				89BC1B2E2EA10836001D4AC3 /* Frameworks */,
				89BC1B2F2EA10836001D4AC3 /* Resources */,
			);
			buildRules = (
			);
			dependencies = (
			);
			fileSystemSynchronizedGroups = (
				89BC1B322EA10836001D4AC3 /* AdventureLoggerShareExtension */,
			);
			name = AdventureLoggerShareExtension;
			packageProductDependencies = (
			);
			productName = AdventureLoggerShareExtension;
			productReference = 89BC1B312EA10836001D4AC3 /* AdventureLoggerShareExtension.appex */;
			productType = "com.apple.product-type.app-extension";
		};
/* End PBXNativeTarget section */

/* Begin PBXProject section */
		628E937D2E8FA5B1007CC982 /* Project object */ = {
			isa = PBXProject;
			attributes = {
				BuildIndependentTargetsInParallel = 1;
				LastSwiftUpdateCheck = 1640;
				LastUpgradeCheck = 2600;
				TargetAttributes = {
					628E93842E8FA5B1007CC982 = {
						CreatedOnToolsVersion = 26.0.1;
					};
					893F8F892E9FB12100BB4BFD = {
						CreatedOnToolsVersion = 16.4;
					};
					89BC1B302EA10836001D4AC3 = {
						CreatedOnToolsVersion = 16.4;
					};
				};
			};
			buildConfigurationList = 628E93802E8FA5B1007CC982 /* Build configuration list for PBXProject "AdventureLogger" */;
			developmentRegion = en;
			hasScannedForEncodings = 0;
			knownRegions = (
				en,
				Base,
			);
			mainGroup = 628E937C2E8FA5B1007CC982;
			minimizedProjectReferenceProxies = 1;
			packageReferences = (
				628E94A02E909D3C007CC982 /* XCRemoteSwiftPackageReference "Kingfisher" */,
			);
			preferredProjectObjectVersion = 77;
			productRefGroup = 628E93862E8FA5B1007CC982 /* Products */;
			projectDirPath = "";
			projectRoot = "";
			targets = (
				628E93842E8FA5B1007CC982 /* AdventureLogger */,
				893F8F892E9FB12100BB4BFD /* AdventureLoggerWidgetExtension */,
				89BC1B302EA10836001D4AC3 /* AdventureLoggerShareExtension */,
			);
		};
/* End PBXProject section */

/* Begin PBXResourcesBuildPhase section */
		628E93832E8FA5B1007CC982 /* Resources */ = {
			isa = PBXResourcesBuildPhase;
			buildActionMask = 2147483647;
			files = (
			);
			runOnlyForDeploymentPostprocessing = 0;
		};
		893F8F882E9FB12100BB4BFD /* Resources */ = {
			isa = PBXResourcesBuildPhase;
			buildActionMask = 2147483647;
			files = (
			);
			runOnlyForDeploymentPostprocessing = 0;
		};
		89BC1B2F2EA10836001D4AC3 /* Resources */ = {
			isa = PBXResourcesBuildPhase;
			buildActionMask = 2147483647;
			files = (
			);
			runOnlyForDeploymentPostprocessing = 0;
		};
/* End PBXResourcesBuildPhase section */

/* Begin PBXSourcesBuildPhase section */
		628E93812E8FA5B1007CC982 /* Sources */ = {
			isa = PBXSourcesBuildPhase;
			buildActionMask = 2147483647;
			files = (
			);
			runOnlyForDeploymentPostprocessing = 0;
		};
		893F8F862E9FB12100BB4BFD /* Sources */ = {
			isa = PBXSourcesBuildPhase;
			buildActionMask = 2147483647;
			files = (
			);
			runOnlyForDeploymentPostprocessing = 0;
		};
		89BC1B2D2EA10836001D4AC3 /* Sources */ = {
			isa = PBXSourcesBuildPhase;
			buildActionMask = 2147483647;
			files = (
			);
			runOnlyForDeploymentPostprocessing = 0;
		};
/* End PBXSourcesBuildPhase section */

/* Begin PBXTargetDependency section */
		893F8F9F2E9FB12D00BB4BFD /* PBXTargetDependency */ = {
			isa = PBXTargetDependency;
			target = 893F8F892E9FB12100BB4BFD /* AdventureLoggerWidgetExtension */;
			targetProxy = 893F8F9E2E9FB12D00BB4BFD /* PBXContainerItemProxy */;
		};
		89BC1B3A2EA10836001D4AC3 /* PBXTargetDependency */ = {
			isa = PBXTargetDependency;
			target = 89BC1B302EA10836001D4AC3 /* AdventureLoggerShareExtension */;
			targetProxy = 89BC1B392EA10836001D4AC3 /* PBXContainerItemProxy */;
		};
/* End PBXTargetDependency section */

/* Begin XCBuildConfiguration section */
		628E93972E8FA5B2007CC982 /* Debug */ = {
			isa = XCBuildConfiguration;
			buildSettings = {
				ASSETCATALOG_COMPILER_APPICON_NAME = AppIcon;
				ASSETCATALOG_COMPILER_GLOBAL_ACCENT_COLOR_NAME = AccentColor;
				CODE_SIGN_ENTITLEMENTS = AdventureLogger/AdventureLogger.entitlements;
				CODE_SIGN_STYLE = Automatic;
				CURRENT_PROJECT_VERSION = 1;
				DEVELOPMENT_TEAM = 8YPHK9356F;
				ENABLE_APP_SANDBOX = YES;
				ENABLE_HARDENED_RUNTIME = YES;
				ENABLE_PREVIEWS = YES;
				ENABLE_USER_SELECTED_FILES = readonly;
				GENERATE_INFOPLIST_FILE = YES;
				INFOPLIST_FILE = AdventureLogger/Info.plist;
				INFOPLIST_KEY_LSApplicationCategoryType = "public.app-category.entertainment";
				INFOPLIST_KEY_NSLocationAlwaysAndWhenInUseUsageDescription = "AdventureLogger uses your location to help you discover and track places you visit.";
				INFOPLIST_KEY_NSLocationWhenInUseUsageDescription = "AdventureLogger needs your location to discover nearby places and add them to your adventure list.";
				"INFOPLIST_KEY_UIApplicationSceneManifest_Generation[sdk=iphoneos*]" = YES;
				"INFOPLIST_KEY_UIApplicationSceneManifest_Generation[sdk=iphonesimulator*]" = YES;
				"INFOPLIST_KEY_UIApplicationSupportsIndirectInputEvents[sdk=iphoneos*]" = YES;
				"INFOPLIST_KEY_UIApplicationSupportsIndirectInputEvents[sdk=iphonesimulator*]" = YES;
				"INFOPLIST_KEY_UILaunchScreen_Generation[sdk=iphoneos*]" = YES;
				"INFOPLIST_KEY_UILaunchScreen_Generation[sdk=iphonesimulator*]" = YES;
				INFOPLIST_KEY_UIStatusBarStyle = "";
				"INFOPLIST_KEY_UIStatusBarStyle[sdk=iphoneos*]" = UIStatusBarStyleDefault;
				"INFOPLIST_KEY_UIStatusBarStyle[sdk=iphonesimulator*]" = UIStatusBarStyleDefault;
				INFOPLIST_KEY_UISupportedInterfaceOrientations = UIInterfaceOrientationPortrait;
				IPHONEOS_DEPLOYMENT_TARGET = 17.6;
				LD_RUNPATH_SEARCH_PATHS = "@executable_path/Frameworks";
				"LD_RUNPATH_SEARCH_PATHS[sdk=macosx*]" = "@executable_path/../Frameworks";
				MACOSX_DEPLOYMENT_TARGET = 15.6;
				MARKETING_VERSION = 1.0;
				PRODUCT_BUNDLE_IDENTIFIER = shaiyankhan.AdventureLogger;
				PRODUCT_NAME = "$(TARGET_NAME)";
				REGISTER_APP_GROUPS = YES;
				SDKROOT = auto;
				STRING_CATALOG_GENERATE_SYMBOLS = YES;
				SUPPORTED_PLATFORMS = "iphoneos iphonesimulator macosx xros xrsimulator";
				SWIFT_APPROACHABLE_CONCURRENCY = YES;
				SWIFT_DEFAULT_ACTOR_ISOLATION = MainActor;
				SWIFT_EMIT_LOC_STRINGS = YES;
				SWIFT_UPCOMING_FEATURE_MEMBER_IMPORT_VISIBILITY = YES;
				SWIFT_VERSION = 5.0;
				TARGETED_DEVICE_FAMILY = "1,2,7";
				XROS_DEPLOYMENT_TARGET = 26.0;
			};
			name = Debug;
		};
		628E93982E8FA5B2007CC982 /* Release */ = {
			isa = XCBuildConfiguration;
			buildSettings = {
				ASSETCATALOG_COMPILER_APPICON_NAME = AppIcon;
				ASSETCATALOG_COMPILER_GLOBAL_ACCENT_COLOR_NAME = AccentColor;
				CODE_SIGN_ENTITLEMENTS = AdventureLogger/AdventureLogger.entitlements;
				CODE_SIGN_STYLE = Automatic;
				CURRENT_PROJECT_VERSION = 1;
				DEVELOPMENT_TEAM = 8YPHK9356F;
				ENABLE_APP_SANDBOX = YES;
				ENABLE_HARDENED_RUNTIME = YES;
				ENABLE_PREVIEWS = YES;
				ENABLE_USER_SELECTED_FILES = readonly;
				GENERATE_INFOPLIST_FILE = YES;
				INFOPLIST_FILE = AdventureLogger/Info.plist;
				INFOPLIST_KEY_LSApplicationCategoryType = "public.app-category.entertainment";
				INFOPLIST_KEY_NSLocationAlwaysAndWhenInUseUsageDescription = "AdventureLogger uses your location to help you discover and track places you visit.";
				INFOPLIST_KEY_NSLocationWhenInUseUsageDescription = "AdventureLogger needs your location to discover nearby places and add them to your adventure list.";
				"INFOPLIST_KEY_UIApplicationSceneManifest_Generation[sdk=iphoneos*]" = YES;
				"INFOPLIST_KEY_UIApplicationSceneManifest_Generation[sdk=iphonesimulator*]" = YES;
				"INFOPLIST_KEY_UIApplicationSupportsIndirectInputEvents[sdk=iphoneos*]" = YES;
				"INFOPLIST_KEY_UIApplicationSupportsIndirectInputEvents[sdk=iphonesimulator*]" = YES;
				"INFOPLIST_KEY_UILaunchScreen_Generation[sdk=iphoneos*]" = YES;
				"INFOPLIST_KEY_UILaunchScreen_Generation[sdk=iphonesimulator*]" = YES;
				INFOPLIST_KEY_UIStatusBarStyle = "";
				"INFOPLIST_KEY_UIStatusBarStyle[sdk=iphoneos*]" = UIStatusBarStyleDefault;
				"INFOPLIST_KEY_UIStatusBarStyle[sdk=iphonesimulator*]" = UIStatusBarStyleDefault;
				INFOPLIST_KEY_UISupportedInterfaceOrientations = UIInterfaceOrientationPortrait;
				IPHONEOS_DEPLOYMENT_TARGET = 17.6;
				LD_RUNPATH_SEARCH_PATHS = "@executable_path/Frameworks";
				"LD_RUNPATH_SEARCH_PATHS[sdk=macosx*]" = "@executable_path/../Frameworks";
				MACOSX_DEPLOYMENT_TARGET = 15.6;
				MARKETING_VERSION = 1.0;
				PRODUCT_BUNDLE_IDENTIFIER = shaiyankhan.AdventureLogger;
				PRODUCT_NAME = "$(TARGET_NAME)";
				REGISTER_APP_GROUPS = YES;
				SDKROOT = auto;
				STRING_CATALOG_GENERATE_SYMBOLS = YES;
				SUPPORTED_PLATFORMS = "iphoneos iphonesimulator macosx xros xrsimulator";
				SWIFT_APPROACHABLE_CONCURRENCY = YES;
				SWIFT_DEFAULT_ACTOR_ISOLATION = MainActor;
				SWIFT_EMIT_LOC_STRINGS = YES;
				SWIFT_UPCOMING_FEATURE_MEMBER_IMPORT_VISIBILITY = YES;
				SWIFT_VERSION = 5.0;
				TARGETED_DEVICE_FAMILY = "1,2,7";
				XROS_DEPLOYMENT_TARGET = 26.0;
			};
			name = Release;
		};
		628E93992E8FA5B2007CC982 /* Debug */ = {
			isa = XCBuildConfiguration;
			buildSettings = {
				ALWAYS_SEARCH_USER_PATHS = NO;
				ASSETCATALOG_COMPILER_GENERATE_SWIFT_ASSET_SYMBOL_EXTENSIONS = YES;
				CLANG_ANALYZER_NONNULL = YES;
				CLANG_ANALYZER_NUMBER_OBJECT_CONVERSION = YES_AGGRESSIVE;
				CLANG_CXX_LANGUAGE_STANDARD = "gnu++20";
				CLANG_ENABLE_MODULES = YES;
				CLANG_ENABLE_OBJC_ARC = YES;
				CLANG_ENABLE_OBJC_WEAK = YES;
				CLANG_WARN_BLOCK_CAPTURE_AUTORELEASING = YES;
				CLANG_WARN_BOOL_CONVERSION = YES;
				CLANG_WARN_COMMA = YES;
				CLANG_WARN_CONSTANT_CONVERSION = YES;
				CLANG_WARN_DEPRECATED_OBJC_IMPLEMENTATIONS = YES;
				CLANG_WARN_DIRECT_OBJC_ISA_USAGE = YES_ERROR;
				CLANG_WARN_DOCUMENTATION_COMMENTS = YES;
				CLANG_WARN_EMPTY_BODY = YES;
				CLANG_WARN_ENUM_CONVERSION = YES;
				CLANG_WARN_INFINITE_RECURSION = YES;
				CLANG_WARN_INT_CONVERSION = YES;
				CLANG_WARN_NON_LITERAL_NULL_CONVERSION = YES;
				CLANG_WARN_OBJC_IMPLICIT_RETAIN_SELF = YES;
				CLANG_WARN_OBJC_LITERAL_CONVERSION = YES;
				CLANG_WARN_OBJC_ROOT_CLASS = YES_ERROR;
				CLANG_WARN_QUOTED_INCLUDE_IN_FRAMEWORK_HEADER = YES;
				CLANG_WARN_RANGE_LOOP_ANALYSIS = YES;
				CLANG_WARN_STRICT_PROTOTYPES = YES;
				CLANG_WARN_SUSPICIOUS_MOVE = YES;
				CLANG_WARN_UNGUARDED_AVAILABILITY = YES_AGGRESSIVE;
				CLANG_WARN_UNREACHABLE_CODE = YES;
				CLANG_WARN__DUPLICATE_METHOD_MATCH = YES;
				COPY_PHASE_STRIP = NO;
				DEBUG_INFORMATION_FORMAT = dwarf;
				DEVELOPMENT_TEAM = 3YGS927W55;
				ENABLE_STRICT_OBJC_MSGSEND = YES;
				ENABLE_TESTABILITY = YES;
				ENABLE_USER_SCRIPT_SANDBOXING = YES;
				GCC_C_LANGUAGE_STANDARD = gnu17;
				GCC_DYNAMIC_NO_PIC = NO;
				GCC_NO_COMMON_BLOCKS = YES;
				GCC_OPTIMIZATION_LEVEL = 0;
				GCC_PREPROCESSOR_DEFINITIONS = (
					"DEBUG=1",
					"$(inherited)",
				);
				GCC_WARN_64_TO_32_BIT_CONVERSION = YES;
				GCC_WARN_ABOUT_RETURN_TYPE = YES_ERROR;
				GCC_WARN_UNDECLARED_SELECTOR = YES;
				GCC_WARN_UNINITIALIZED_AUTOS = YES_AGGRESSIVE;
				GCC_WARN_UNUSED_FUNCTION = YES;
				GCC_WARN_UNUSED_VARIABLE = YES;
				LOCALIZATION_PREFERS_STRING_CATALOGS = YES;
				MTL_ENABLE_DEBUG_INFO = INCLUDE_SOURCE;
				MTL_FAST_MATH = YES;
				ONLY_ACTIVE_ARCH = YES;
				SWIFT_ACTIVE_COMPILATION_CONDITIONS = "DEBUG $(inherited)";
				SWIFT_OPTIMIZATION_LEVEL = "-Onone";
			};
			name = Debug;
		};
		628E939A2E8FA5B2007CC982 /* Release */ = {
			isa = XCBuildConfiguration;
			buildSettings = {
				ALWAYS_SEARCH_USER_PATHS = NO;
				ASSETCATALOG_COMPILER_GENERATE_SWIFT_ASSET_SYMBOL_EXTENSIONS = YES;
				CLANG_ANALYZER_NONNULL = YES;
				CLANG_ANALYZER_NUMBER_OBJECT_CONVERSION = YES_AGGRESSIVE;
				CLANG_CXX_LANGUAGE_STANDARD = "gnu++20";
				CLANG_ENABLE_MODULES = YES;
				CLANG_ENABLE_OBJC_ARC = YES;
				CLANG_ENABLE_OBJC_WEAK = YES;
				CLANG_WARN_BLOCK_CAPTURE_AUTORELEASING = YES;
				CLANG_WARN_BOOL_CONVERSION = YES;
				CLANG_WARN_COMMA = YES;
				CLANG_WARN_CONSTANT_CONVERSION = YES;
				CLANG_WARN_DEPRECATED_OBJC_IMPLEMENTATIONS = YES;
				CLANG_WARN_DIRECT_OBJC_ISA_USAGE = YES_ERROR;
				CLANG_WARN_DOCUMENTATION_COMMENTS = YES;
				CLANG_WARN_EMPTY_BODY = YES;
				CLANG_WARN_ENUM_CONVERSION = YES;
				CLANG_WARN_INFINITE_RECURSION = YES;
				CLANG_WARN_INT_CONVERSION = YES;
				CLANG_WARN_NON_LITERAL_NULL_CONVERSION = YES;
				CLANG_WARN_OBJC_IMPLICIT_RETAIN_SELF = YES;
				CLANG_WARN_OBJC_LITERAL_CONVERSION = YES;
				CLANG_WARN_OBJC_ROOT_CLASS = YES_ERROR;
				CLANG_WARN_QUOTED_INCLUDE_IN_FRAMEWORK_HEADER = YES;
				CLANG_WARN_RANGE_LOOP_ANALYSIS = YES;
				CLANG_WARN_STRICT_PROTOTYPES = YES;
				CLANG_WARN_SUSPICIOUS_MOVE = YES;
				CLANG_WARN_UNGUARDED_AVAILABILITY = YES_AGGRESSIVE;
				CLANG_WARN_UNREACHABLE_CODE = YES;
				CLANG_WARN__DUPLICATE_METHOD_MATCH = YES;
				COPY_PHASE_STRIP = NO;
				DEBUG_INFORMATION_FORMAT = "dwarf-with-dsym";
				DEVELOPMENT_TEAM = 3YGS927W55;
				ENABLE_NS_ASSERTIONS = NO;
				ENABLE_STRICT_OBJC_MSGSEND = YES;
				ENABLE_USER_SCRIPT_SANDBOXING = YES;
				GCC_C_LANGUAGE_STANDARD = gnu17;
				GCC_NO_COMMON_BLOCKS = YES;
				GCC_WARN_64_TO_32_BIT_CONVERSION = YES;
				GCC_WARN_ABOUT_RETURN_TYPE = YES_ERROR;
				GCC_WARN_UNDECLARED_SELECTOR = YES;
				GCC_WARN_UNINITIALIZED_AUTOS = YES_AGGRESSIVE;
				GCC_WARN_UNUSED_FUNCTION = YES;
				GCC_WARN_UNUSED_VARIABLE = YES;
				LOCALIZATION_PREFERS_STRING_CATALOGS = YES;
				MTL_ENABLE_DEBUG_INFO = NO;
				MTL_FAST_MATH = YES;
				SWIFT_COMPILATION_MODE = wholemodule;
			};
			name = Release;
		};
		893F8FA22E9FB12D00BB4BFD /* Debug */ = {
			isa = XCBuildConfiguration;
			buildSettings = {
				ASSETCATALOG_COMPILER_GLOBAL_ACCENT_COLOR_NAME = AccentColor;
				ASSETCATALOG_COMPILER_WIDGET_BACKGROUND_COLOR_NAME = WidgetBackground;
				CODE_SIGN_ENTITLEMENTS = AdventureLoggerWidgetExtension.entitlements;
				CODE_SIGN_STYLE = Automatic;
				CURRENT_PROJECT_VERSION = 1;
				DEVELOPMENT_TEAM = 8YPHK9356F;
				GENERATE_INFOPLIST_FILE = YES;
				INFOPLIST_FILE = AdventureLoggerWidget/Info.plist;
				INFOPLIST_KEY_CFBundleDisplayName = AdventureLoggerWidget;
				INFOPLIST_KEY_NSHumanReadableCopyright = "";
				IPHONEOS_DEPLOYMENT_TARGET = 18.5;
				LD_RUNPATH_SEARCH_PATHS = (
					"$(inherited)",
					"@executable_path/Frameworks",
					"@executable_path/../../Frameworks",
				);
				MARKETING_VERSION = 1.0;
				PRODUCT_BUNDLE_IDENTIFIER = shaiyankhan.AdventureLogger.AdventureLoggerWidget;
				PRODUCT_NAME = "$(TARGET_NAME)";
				SDKROOT = iphoneos;
				SKIP_INSTALL = YES;
				SWIFT_EMIT_LOC_STRINGS = YES;
				SWIFT_VERSION = 5.0;
				TARGETED_DEVICE_FAMILY = "1,2";
			};
			name = Debug;
		};
		893F8FA32E9FB12D00BB4BFD /* Release */ = {
			isa = XCBuildConfiguration;
			buildSettings = {
				ASSETCATALOG_COMPILER_GLOBAL_ACCENT_COLOR_NAME = AccentColor;
				ASSETCATALOG_COMPILER_WIDGET_BACKGROUND_COLOR_NAME = WidgetBackground;
				CODE_SIGN_ENTITLEMENTS = AdventureLoggerWidgetExtension.entitlements;
				CODE_SIGN_STYLE = Automatic;
				CURRENT_PROJECT_VERSION = 1;
				DEVELOPMENT_TEAM = 8YPHK9356F;
				GENERATE_INFOPLIST_FILE = YES;
				INFOPLIST_FILE = AdventureLoggerWidget/Info.plist;
				INFOPLIST_KEY_CFBundleDisplayName = AdventureLoggerWidget;
				INFOPLIST_KEY_NSHumanReadableCopyright = "";
				IPHONEOS_DEPLOYMENT_TARGET = 18.5;
				LD_RUNPATH_SEARCH_PATHS = (
					"$(inherited)",
					"@executable_path/Frameworks",
					"@executable_path/../../Frameworks",
				);
				MARKETING_VERSION = 1.0;
				PRODUCT_BUNDLE_IDENTIFIER = shaiyankhan.AdventureLogger.AdventureLoggerWidget;
				PRODUCT_NAME = "$(TARGET_NAME)";
				SDKROOT = iphoneos;
				SKIP_INSTALL = YES;
				SWIFT_EMIT_LOC_STRINGS = YES;
				SWIFT_VERSION = 5.0;
				TARGETED_DEVICE_FAMILY = "1,2";
				VALIDATE_PRODUCT = YES;
			};
			name = Release;
		};
		89BC1B3C2EA10836001D4AC3 /* Debug */ = {
			isa = XCBuildConfiguration;
			buildSettings = {
				CODE_SIGN_ENTITLEMENTS = AdventureLoggerShareExtension/AdventureLoggerShareExtension.entitlements;
				CODE_SIGN_STYLE = Automatic;
				CURRENT_PROJECT_VERSION = 1;
				DEVELOPMENT_TEAM = 8YPHK9356F;
				GENERATE_INFOPLIST_FILE = YES;
				INFOPLIST_FILE = AdventureLoggerShareExtension/Info.plist;
				INFOPLIST_KEY_CFBundleDisplayName = AdventureLoggerShareExtension;
				INFOPLIST_KEY_NSHumanReadableCopyright = "";
				IPHONEOS_DEPLOYMENT_TARGET = 18.5;
				LD_RUNPATH_SEARCH_PATHS = (
					"$(inherited)",
					"@executable_path/Frameworks",
					"@executable_path/../../Frameworks",
				);
				MARKETING_VERSION = 1.0;
				PRODUCT_BUNDLE_IDENTIFIER = shaiyankhan.AdventureLogger.AdventureLoggerShareExtension;
				PRODUCT_NAME = "$(TARGET_NAME)";
				SDKROOT = iphoneos;
				SKIP_INSTALL = YES;
				SWIFT_EMIT_LOC_STRINGS = YES;
				SWIFT_VERSION = 5.0;
				TARGETED_DEVICE_FAMILY = "1,2";
			};
			name = Debug;
		};
		89BC1B3D2EA10836001D4AC3 /* Release */ = {
			isa = XCBuildConfiguration;
			buildSettings = {
				CODE_SIGN_ENTITLEMENTS = AdventureLoggerShareExtension/AdventureLoggerShareExtension.entitlements;
				CODE_SIGN_STYLE = Automatic;
				CURRENT_PROJECT_VERSION = 1;
				DEVELOPMENT_TEAM = 8YPHK9356F;
				GENERATE_INFOPLIST_FILE = YES;
				INFOPLIST_FILE = AdventureLoggerShareExtension/Info.plist;
				INFOPLIST_KEY_CFBundleDisplayName = AdventureLoggerShareExtension;
				INFOPLIST_KEY_NSHumanReadableCopyright = "";
				IPHONEOS_DEPLOYMENT_TARGET = 18.5;
				LD_RUNPATH_SEARCH_PATHS = (
					"$(inherited)",
					"@executable_path/Frameworks",
					"@executable_path/../../Frameworks",
				);
				MARKETING_VERSION = 1.0;
				PRODUCT_BUNDLE_IDENTIFIER = shaiyankhan.AdventureLogger.AdventureLoggerShareExtension;
				PRODUCT_NAME = "$(TARGET_NAME)";
				SDKROOT = iphoneos;
				SKIP_INSTALL = YES;
				SWIFT_EMIT_LOC_STRINGS = YES;
				SWIFT_VERSION = 5.0;
				TARGETED_DEVICE_FAMILY = "1,2";
				VALIDATE_PRODUCT = YES;
			};
			name = Release;
		};
/* End XCBuildConfiguration section */

/* Begin XCConfigurationList section */
		628E93802E8FA5B1007CC982 /* Build configuration list for PBXProject "AdventureLogger" */ = {
			isa = XCConfigurationList;
			buildConfigurations = (
				628E93992E8FA5B2007CC982 /* Debug */,
				628E939A2E8FA5B2007CC982 /* Release */,
			);
			defaultConfigurationIsVisible = 0;
			defaultConfigurationName = Release;
		};
		628E93962E8FA5B2007CC982 /* Build configuration list for PBXNativeTarget "AdventureLogger" */ = {
			isa = XCConfigurationList;
			buildConfigurations = (
				628E93972E8FA5B2007CC982 /* Debug */,
				628E93982E8FA5B2007CC982 /* Release */,
			);
			defaultConfigurationIsVisible = 0;
			defaultConfigurationName = Release;
		};
		893F8FA12E9FB12D00BB4BFD /* Build configuration list for PBXNativeTarget "AdventureLoggerWidgetExtension" */ = {
			isa = XCConfigurationList;
			buildConfigurations = (
				893F8FA22E9FB12D00BB4BFD /* Debug */,
				893F8FA32E9FB12D00BB4BFD /* Release */,
			);
			defaultConfigurationIsVisible = 0;
			defaultConfigurationName = Release;
		};
		89BC1B3E2EA10836001D4AC3 /* Build configuration list for PBXNativeTarget "AdventureLoggerShareExtension" */ = {
			isa = XCConfigurationList;
			buildConfigurations = (
				89BC1B3C2EA10836001D4AC3 /* Debug */,
				89BC1B3D2EA10836001D4AC3 /* Release */,
			);
			defaultConfigurationIsVisible = 0;
			defaultConfigurationName = Release;
		};
/* End XCConfigurationList section */

/* Begin XCRemoteSwiftPackageReference section */
		628E94A02E909D3C007CC982 /* XCRemoteSwiftPackageReference "Kingfisher" */ = {
			isa = XCRemoteSwiftPackageReference;
			repositoryURL = "https://github.com/onevcat/Kingfisher.git";
			requirement = {
				kind = upToNextMajorVersion;
				minimumVersion = 8.5.0;
			};
		};
/* End XCRemoteSwiftPackageReference section */

/* Begin XCSwiftPackageProductDependency section */
		628E94A12E909D3C007CC982 /* Kingfisher */ = {
			isa = XCSwiftPackageProductDependency;
			package = 628E94A02E909D3C007CC982 /* XCRemoteSwiftPackageReference "Kingfisher" */;
			productName = Kingfisher;
		};
/* End XCSwiftPackageProductDependency section */
	};
	rootObject = 628E937D2E8FA5B1007CC982 /* Project object */;
}
